{
	"name": "vscode-mc-shader-server",
	"version": "0.8.0",
	"lockfileVersion": 1,
	"requires": true,
	"dependencies": {
		"@types/node": {
			"version": "12.7.1",
			"resolved": "https://registry.npmjs.org/@types/node/-/node-12.7.1.tgz",
			"integrity": "sha512-aK9jxMypeSrhiYofWWBf/T7O+KwaiAHzM4sveCdWPn71lzUSMimRnKzhXDKfKwV1kWoBo2P1aGgaIYGLf9/ljw=="
		},
		"@types/node-fetch": {
			"version": "2.5.0",
			"resolved": "https://registry.npmjs.org/@types/node-fetch/-/node-fetch-2.5.0.tgz",
			"integrity": "sha512-TLFRywthBgL68auWj+ziWu+vnmmcHCDFC/sqCOQf1xTz4hRq8cu79z8CtHU9lncExGBsB8fXA4TiLDLt6xvMzw==",
			"requires": {
				"@types/node": "*"
			}
		},
		"binary": {
			"version": "0.3.0",
			"resolved": "https://registry.npmjs.org/binary/-/binary-0.3.0.tgz",
			"integrity": "sha1-n2BVO8XOjDOG87VTz/R0Yq3sqnk=",
			"requires": {
				"buffers": "~0.1.1",
				"chainsaw": "~0.1.0"
			}
		},
		"buffers": {
			"version": "0.1.1",
			"resolved": "https://registry.npmjs.org/buffers/-/buffers-0.1.1.tgz",
			"integrity": "sha1-skV5w77U1tOWru5tmorn9Ugqt7s="
		},
		"chainsaw": {
			"version": "0.1.0",
			"resolved": "https://registry.npmjs.org/chainsaw/-/chainsaw-0.1.0.tgz",
			"integrity": "sha1-XqtQsor+WAdNDVgpE4iCi15fvJg=",
			"requires": {
				"traverse": ">=0.3.0 <0.4"
			}
		},
		"error-stack-parser": {
			"version": "1.3.6",
			"resolved": "https://registry.npmjs.org/error-stack-parser/-/error-stack-parser-1.3.6.tgz",
			"integrity": "sha1-4Oc7k+QXE40c18C3RrGkoUhUwpI=",
			"requires": {
				"stackframe": "^0.3.1"
			}
		},
		"minimist": {
			"version": "0.0.8",
			"resolved": "https://registry.npmjs.org/minimist/-/minimist-0.0.8.tgz",
			"integrity": "sha1-hX/Kv8M5fSYluCKCYuhqp6ARsF0="
		},
		"mkdirp": {
			"version": "0.5.1",
			"resolved": "https://registry.npmjs.org/mkdirp/-/mkdirp-0.5.1.tgz",
			"integrity": "sha1-MAV0OOrGz3+MR2fzhkjWaX11yQM=",
			"requires": {
				"minimist": "0.0.8"
			}
		},
		"node-fetch": {
			"version": "2.6.0",
			"resolved": "https://registry.npmjs.org/node-fetch/-/node-fetch-2.6.0.tgz",
			"integrity": "sha512-8dG4H5ujfvFiqDmVu9fQ5bOHUC15JMjMY/Zumv26oOvvVJjM67KF8koCWIabKQ1GJIa9r2mMZscBq/TbdOcmNA=="
		},
		"source-map": {
			"version": "0.5.6",
			"resolved": "https://registry.npmjs.org/source-map/-/source-map-0.5.6.tgz",
			"integrity": "sha1-dc449SvwczxafwwRjYEzSiu19BI="
		},
		"stack-generator": {
			"version": "1.1.0",
			"resolved": "https://registry.npmjs.org/stack-generator/-/stack-generator-1.1.0.tgz",
			"integrity": "sha1-NvapIHUabBD0maE8Msu19RoLiyU=",
			"requires": {
				"stackframe": "^1.0.2"
			},
			"dependencies": {
				"stackframe": {
					"version": "1.0.4",
					"resolved": "https://registry.npmjs.org/stackframe/-/stackframe-1.0.4.tgz",
					"integrity": "sha512-to7oADIniaYwS3MhtCa/sQhrxidCCQiF/qp4/m5iN3ipf0Y7Xlri0f6eG29r08aL7JYl8n32AF3Q5GYBZ7K8vw=="
				}
			}
		},
		"stackframe": {
			"version": "0.3.1",
			"resolved": "https://registry.npmjs.org/stackframe/-/stackframe-0.3.1.tgz",
			"integrity": "sha1-M6qE8Rd6VUjIk1Uzy/6zQgl19aQ="
		},
		"stacktrace-gps": {
			"version": "2.4.4",
			"resolved": "https://registry.npmjs.org/stacktrace-gps/-/stacktrace-gps-2.4.4.tgz",
			"integrity": "sha1-acgn6dbW9Bz0ONfxleLjy/zyjEQ=",
			"requires": {
				"source-map": "0.5.6",
				"stackframe": "~0.3"
			}
		},
		"stacktrace-js": {
			"version": "1.3.1",
			"resolved": "https://registry.npmjs.org/stacktrace-js/-/stacktrace-js-1.3.1.tgz",
			"integrity": "sha1-Z8qyWJr1xBe5Yvc2mUAne7O2oYs=",
			"requires": {
				"error-stack-parser": "^1.3.6",
				"stack-generator": "^1.0.7",
				"stacktrace-gps": "^2.4.3"
			}
		},
		"traverse": {
			"version": "0.3.9",
			"resolved": "https://registry.npmjs.org/traverse/-/traverse-0.3.9.tgz",
			"integrity": "sha1-cXuPIgzAu3tE5AUUwisui7xw2Lk="
		},
		"typescript-logging": {
			"version": "0.6.3",
			"resolved": "https://registry.npmjs.org/typescript-logging/-/typescript-logging-0.6.3.tgz",
			"integrity": "sha512-0zDqwjZ7KCvRobh3tXRel4IYU95iqThlsKxPeqxUmDBmhXO695LrTHvwgg9CjAPVqftSvL8ZPRcSAPT3i5DkLQ==",
			"requires": {
				"stacktrace-js": "1.3.1"
			}
		},
		"unzip-stream": {
			"version": "0.3.0",
			"resolved": "https://registry.npmjs.org/unzip-stream/-/unzip-stream-0.3.0.tgz",
			"integrity": "sha512-NG1h/MdGIX3HzyqMjyj1laBCmlPYhcO4xEy7gEqqzGiSLw7XqDQCnY4nYSn5XSaH8mQ6TFkaujrO8d/PIZN85A==",
			"requires": {
				"binary": "^0.3.0",
				"mkdirp": "^0.5.1"
			}
		},
		"vscode-jsonrpc": {
			"version": "3.6.2",
			"resolved": "https://registry.npmjs.org/vscode-jsonrpc/-/vscode-jsonrpc-3.6.2.tgz",
			"integrity": "sha512-T24Jb5V48e4VgYliUXMnZ379ItbrXgOimweKaJshD84z+8q7ZOZjJan0MeDe+Ugb+uqERDVV8SBmemaGMSMugA=="
		},
		"vscode-languageserver": {
			"version": "4.4.2",
			"resolved": "https://registry.npmjs.org/vscode-languageserver/-/vscode-languageserver-4.4.2.tgz",
			"integrity": "sha512-61y8Raevi9EigDgg9NelvT9cUAohiEbUl1LOwQQgOCAaNX62yKny/ddi0uC+FUTm4CzsjhBu+06R+vYgfCYReA==",
			"requires": {
				"vscode-languageserver-protocol": "^3.10.3",
				"vscode-uri": "^1.0.5"
			}
		},
		"vscode-languageserver-protocol": {
			"version": "3.12.0",
			"resolved": "https://registry.npmjs.org/vscode-languageserver-protocol/-/vscode-languageserver-protocol-3.12.0.tgz",
			"integrity": "sha512-evY6hmyzLnwQrqlQWPrNBq1z8wrSNjLesmgPzeS6Zv11mVS5UJRel26hbM/DH5tHdn45huNzRW0eFHRmIm8LpA==",
			"requires": {
				"vscode-jsonrpc": "^3.6.2",
				"vscode-languageserver-types": "^3.12.0"
			}
		},
		"vscode-languageserver-types": {
			"version": "3.12.0",
			"resolved": "https://registry.npmjs.org/vscode-languageserver-types/-/vscode-languageserver-types-3.12.0.tgz",
			"integrity": "sha512-UxqnpzBToPO7Mi2tr/s5JeyPOSKSJtLB8lIdxCg9ZNdvP2cU8wS7iTDtwQKz91Ne4CUmTdf85ddR5SIZKXmMjQ=="
		},
		"vscode-uri": {
			"version": "1.0.6",
			"resolved": "https://registry.npmjs.org/vscode-uri/-/vscode-uri-1.0.6.tgz",
			"integrity": "sha512-sLI2L0uGov3wKVb9EB+vIQBl9tVP90nqRvxSoJ35vI3NjxE8jfsE5DSOhWgSunHSZmKS4OCi2jrtfxK7uyp2ww=="
		}
	}
}
